
Microsoft Visual Studio Solution File, Format Version 12.00
# Visual Studio Version 17
VisualStudioVersion = 17.10.35122.118
MinimumVisualStudioVersion = 10.0.40219.1
Project("{FAE04EC0-301F-11D3-BF4B-00C04F79EFBC}") = "Scenario", "Scenario\Scenario.csproj", "{95832E8A-A57B-441A-AA08-DC2D31702953}"
EndProject
Global
	GlobalSection(SolutionConfigurationPlatforms) = preSolution
		Debug|Any CPU = Debug|Any CPU
		Release|Any CPU = Release|Any CPU
	EndGlobalSection
	GlobalSection(ProjectConfigurationPlatforms) = postSolution
		{95832E8A-A57B-441A-AA08-DC2D31702953}.Debug|Any CPU.ActiveCfg = Debug|Any CPU
		{95832E8A-A57B-441A-AA08-DC2D31702953}.Debug|Any CPU.Build.0 = Debug|Any CPU
		{95832E8A-A57B-441A-AA08-DC2D31702953}.Release|Any CPU.ActiveCfg = Release|Any CPU
		{95832E8A-A57B-441A-AA08-DC2D31702953}.Release|Any CPU.Build.0 = Release|Any CPU
	EndGlobalSection
	GlobalSection(SolutionProperties) = preSolution
		HideSolutionNode = FALSE
	EndGlobalSection
	GlobalSection(ExtensibilityGlobals) = postSolution
		SolutionGuid = {678AF222-EB49-4C0E-AC4C-785E6BBB83F1}
	EndGlobalSection
EndGlobal
